// !$*UTF8*$!
{
	archiveVersion = 1;
	classes = {
	};
	objectVersion = 46;
	objects = {

/* Begin PBXBuildFile section */
		9038D4C41ABD817400CE4629 /* AppDelegate.swift in Sources */ = {isa = PBXBuildFile; fileRef = 9038D4C31ABD817400CE4629 /* AppDelegate.swift */; };
		9038D4C61ABD817400CE4629 /* ViewController.swift in Sources */ = {isa = PBXBuildFile; fileRef = 9038D4C51ABD817400CE4629 /* ViewController.swift */; };
		9038D4C81ABD817400CE4629 /* Images.xcassets in Resources */ = {isa = PBXBuildFile; fileRef = 9038D4C71ABD817400CE4629 /* Images.xcassets */; };
		9038D4D71ABD817400CE4629 /* RedisTests.swift in Sources */ = {isa = PBXBuildFile; fileRef = 9038D4D61ABD817400CE4629 /* RedisTests.swift */; };
		9038D4E11ABD88CC00CE4629 /* RedisServer.swift in Sources */ = {isa = PBXBuildFile; fileRef = 9038D4E01ABD88CC00CE4629 /* RedisServer.swift */; };
		9038D4E31ABD88E600CE4629 /* RedisServerDelegate.swift in Sources */ = {isa = PBXBuildFile; fileRef = 9038D4E21ABD88E600CE4629 /* RedisServerDelegate.swift */; };
		9038D5111ABD953000CE4629 /* redis in Resources */ = {isa = PBXBuildFile; fileRef = 9038D5101ABD953000CE4629 /* redis */; };
		9038D5131ABD9A1100CE4629 /* MainMenu.xib in Resources */ = {isa = PBXBuildFile; fileRef = 9038D5121ABD9A1100CE4629 /* MainMenu.xib */; };
		90A9DA291ABDD22B001E9CE3 /* StatusIcon-una.tiff in Resources */ = {isa = PBXBuildFile; fileRef = 90A9DA261ABDD22B001E9CE3 /* StatusIcon-una.tiff */; };
		90A9DA2A1ABDD22B001E9CE3 /* StatusIcon.tiff in Resources */ = {isa = PBXBuildFile; fileRef = 90A9DA271ABDD22B001E9CE3 /* StatusIcon.tiff */; };
		90A9DA2B1ABDD22B001E9CE3 /* StatusIcon-alt.tiff in Resources */ = {isa = PBXBuildFile; fileRef = 90A9DA281ABDD22B001E9CE3 /* StatusIcon-alt.tiff */; };
/* End PBXBuildFile section */

/* Begin PBXContainerItemProxy section */
		9038D4D11ABD817400CE4629 /* PBXContainerItemProxy */ = {
			isa = PBXContainerItemProxy;
			containerPortal = 9038D4B61ABD817400CE4629 /* Project object */;
			proxyType = 1;
			remoteGlobalIDString = 9038D4BD1ABD817400CE4629;
			remoteInfo = Redis;
		};
/* End PBXContainerItemProxy section */

/* Begin PBXFileReference section */
		9038D4BE1ABD817400CE4629 /* Redis.app */ = {isa = PBXFileReference; explicitFileType = wrapper.application; includeInIndex = 0; path = Redis.app; sourceTree = BUILT_PRODUCTS_DIR; };
		9038D4C21ABD817400CE4629 /* Info.plist */ = {isa = PBXFileReference; lastKnownFileType = text.plist.xml; path = Info.plist; sourceTree = "<group>"; };
		9038D4C31ABD817400CE4629 /* AppDelegate.swift */ = {isa = PBXFileReference; lastKnownFileType = sourcecode.swift; path = AppDelegate.swift; sourceTree = "<group>"; };
		9038D4C51ABD817400CE4629 /* ViewController.swift */ = {isa = PBXFileReference; lastKnownFileType = sourcecode.swift; path = ViewController.swift; sourceTree = "<group>"; };
		9038D4C71ABD817400CE4629 /* Images.xcassets */ = {isa = PBXFileReference; lastKnownFileType = folder.assetcatalog; path = Images.xcassets; sourceTree = "<group>"; };
		9038D4D01ABD817400CE4629 /* RedisTests.xctest */ = {isa = PBXFileReference; explicitFileType = wrapper.cfbundle; includeInIndex = 0; path = RedisTests.xctest; sourceTree = BUILT_PRODUCTS_DIR; };
		9038D4D51ABD817400CE4629 /* Info.plist */ = {isa = PBXFileReference; lastKnownFileType = text.plist.xml; path = Info.plist; sourceTree = "<group>"; };
		9038D4D61ABD817400CE4629 /* RedisTests.swift */ = {isa = PBXFileReference; lastKnownFileType = sourcecode.swift; path = RedisTests.swift; sourceTree = "<group>"; };
		9038D4E01ABD88CC00CE4629 /* RedisServer.swift */ = {isa = PBXFileReference; fileEncoding = 4; lastKnownFileType = sourcecode.swift; path = RedisServer.swift; sourceTree = "<group>"; };
		9038D4E21ABD88E600CE4629 /* RedisServerDelegate.swift */ = {isa = PBXFileReference; fileEncoding = 4; lastKnownFileType = sourcecode.swift; path = RedisServerDelegate.swift; sourceTree = "<group>"; };
		9038D5101ABD953000CE4629 /* redis */ = {isa = PBXFileReference; lastKnownFileType = folder; name = redis; path = Resources/redis; sourceTree = "<group>"; };
		9038D5121ABD9A1100CE4629 /* MainMenu.xib */ = {isa = PBXFileReference; fileEncoding = 4; lastKnownFileType = file.xib; path = MainMenu.xib; sourceTree = "<group>"; };
		90A9DA261ABDD22B001E9CE3 /* StatusIcon-una.tiff */ = {isa = PBXFileReference; lastKnownFileType = image.tiff; path = "StatusIcon-una.tiff"; sourceTree = "<group>"; };
		90A9DA271ABDD22B001E9CE3 /* StatusIcon.tiff */ = {isa = PBXFileReference; lastKnownFileType = image.tiff; path = StatusIcon.tiff; sourceTree = "<group>"; };
		90A9DA281ABDD22B001E9CE3 /* StatusIcon-alt.tiff */ = {isa = PBXFileReference; lastKnownFileType = image.tiff; path = "StatusIcon-alt.tiff"; sourceTree = "<group>"; };
/* End PBXFileReference section */

/* Begin PBXFrameworksBuildPhase section */
		9038D4BB1ABD817400CE4629 /* Frameworks */ = {
			isa = PBXFrameworksBuildPhase;
			buildActionMask = 2147483647;
			files = (
			);
			runOnlyForDeploymentPostprocessing = 0;
		};
		9038D4CD1ABD817400CE4629 /* Frameworks */ = {
			isa = PBXFrameworksBuildPhase;
			buildActionMask = 2147483647;
			files = (
			);
			runOnlyForDeploymentPostprocessing = 0;
		};
/* End PBXFrameworksBuildPhase section */

/* Begin PBXGroup section */
		9038D4B51ABD817400CE4629 = {
			isa = PBXGroup;
			children = (
				9038D5101ABD953000CE4629 /* redis */,
				9038D4C01ABD817400CE4629 /* Redis */,
				9038D4D31ABD817400CE4629 /* RedisTests */,
				9038D4BF1ABD817400CE4629 /* Products */,
			);
			sourceTree = "<group>";
		};
		9038D4BF1ABD817400CE4629 /* Products */ = {
			isa = PBXGroup;
			children = (
				9038D4BE1ABD817400CE4629 /* Redis.app */,
				9038D4D01ABD817400CE4629 /* RedisTests.xctest */,
			);
			name = Products;
			sourceTree = "<group>";
		};
		9038D4C01ABD817400CE4629 /* Redis */ = {
			isa = PBXGroup;
			children = (
				9038D4C31ABD817400CE4629 /* AppDelegate.swift */,
				9038D4C51ABD817400CE4629 /* ViewController.swift */,
				9038D4C71ABD817400CE4629 /* Images.xcassets */,
				9038D5121ABD9A1100CE4629 /* MainMenu.xib */,
				9038D4C11ABD817400CE4629 /* Supporting Files */,
				9038D4E01ABD88CC00CE4629 /* RedisServer.swift */,
				9038D4E21ABD88E600CE4629 /* RedisServerDelegate.swift */,
			);
			path = Redis;
			sourceTree = "<group>";
		};
		9038D4C11ABD817400CE4629 /* Supporting Files */ = {
			isa = PBXGroup;
			children = (
				90A9DA261ABDD22B001E9CE3 /* StatusIcon-una.tiff */,
				90A9DA271ABDD22B001E9CE3 /* StatusIcon.tiff */,
				90A9DA281ABDD22B001E9CE3 /* StatusIcon-alt.tiff */,
				9038D4C21ABD817400CE4629 /* Info.plist */,
			);
			name = "Supporting Files";
			sourceTree = "<group>";
		};
		9038D4D31ABD817400CE4629 /* RedisTests */ = {
			isa = PBXGroup;
			children = (
				9038D4D61ABD817400CE4629 /* RedisTests.swift */,
				9038D4D41ABD817400CE4629 /* Supporting Files */,
			);
			path = RedisTests;
			sourceTree = "<group>";
		};
		9038D4D41ABD817400CE4629 /* Supporting Files */ = {
			isa = PBXGroup;
			children = (
				9038D4D51ABD817400CE4629 /* Info.plist */,
			);
			name = "Supporting Files";
			sourceTree = "<group>";
		};
/* End PBXGroup section */

/* Begin PBXNativeTarget section */
		9038D4BD1ABD817400CE4629 /* Redis */ = {
			isa = PBXNativeTarget;
			buildConfigurationList = 9038D4DA1ABD817400CE4629 /* Build configuration list for PBXNativeTarget "Redis" */;
			buildPhases = (
				9038D4BA1ABD817400CE4629 /* Sources */,
				9038D4BB1ABD817400CE4629 /* Frameworks */,
				9038D4BC1ABD817400CE4629 /* Resources */,
			);
			buildRules = (
			);
			dependencies = (
			);
			name = Redis;
			productName = Redis;
			productReference = 9038D4BE1ABD817400CE4629 /* Redis.app */;
			productType = "com.apple.product-type.application";
		};
		9038D4CF1ABD817400CE4629 /* RedisTests */ = {
			isa = PBXNativeTarget;
			buildConfigurationList = 9038D4DD1ABD817400CE4629 /* Build configuration list for PBXNativeTarget "RedisTests" */;
			buildPhases = (
				9038D4CC1ABD817400CE4629 /* Sources */,
				9038D4CD1ABD817400CE4629 /* Frameworks */,
				9038D4CE1ABD817400CE4629 /* Resources */,
			);
			buildRules = (
			);
			dependencies = (
				9038D4D21ABD817400CE4629 /* PBXTargetDependency */,
			);
			name = RedisTests;
			productName = RedisTests;
			productReference = 9038D4D01ABD817400CE4629 /* RedisTests.xctest */;
			productType = "com.apple.product-type.bundle.unit-test";
		};
/* End PBXNativeTarget section */

/* Begin PBXProject section */
		9038D4B61ABD817400CE4629 /* Project object */ = {
			isa = PBXProject;
			attributes = {
				LastUpgradeCheck = 0620;
				ORGANIZATIONNAME = xiaozi;
				TargetAttributes = {
					9038D4BD1ABD817400CE4629 = {
						CreatedOnToolsVersion = 6.2;
					};
					9038D4CF1ABD817400CE4629 = {
						CreatedOnToolsVersion = 6.2;
						TestTargetID = 9038D4BD1ABD817400CE4629;
					};
				};
			};
			buildConfigurationList = 9038D4B91ABD817400CE4629 /* Build configuration list for PBXProject "Redis" */;
			compatibilityVersion = "Xcode 3.2";
			developmentRegion = English;
			hasScannedForEncodings = 0;
			knownRegions = (
				en,
				Base,
			);
			mainGroup = 9038D4B51ABD817400CE4629;
			productRefGroup = 9038D4BF1ABD817400CE4629 /* Products */;
			projectDirPath = "";
			projectRoot = "";
			targets = (
				9038D4BD1ABD817400CE4629 /* Redis */,
				9038D4CF1ABD817400CE4629 /* RedisTests */,
			);
		};
/* End PBXProject section */

/* Begin PBXResourcesBuildPhase section */
		9038D4BC1ABD817400CE4629 /* Resources */ = {
			isa = PBXResourcesBuildPhase;
			buildActionMask = 2147483647;
			files = (
				90A9DA2B1ABDD22B001E9CE3 /* StatusIcon-alt.tiff in Resources */,
				90A9DA291ABDD22B001E9CE3 /* StatusIcon-una.tiff in Resources */,
				9038D4C81ABD817400CE4629 /* Images.xcassets in Resources */,
				90A9DA2A1ABDD22B001E9CE3 /* StatusIcon.tiff in Resources */,
				9038D5111ABD953000CE4629 /* redis in Resources */,
				9038D5131ABD9A1100CE4629 /* MainMenu.xib in Resources */,
			);
			runOnlyForDeploymentPostprocessing = 0;
		};
		9038D4CE1ABD817400CE4629 /* Resources */ = {
			isa = PBXResourcesBuildPhase;
			buildActionMask = 2147483647;
			files = (
			);
			runOnlyForDeploymentPostprocessing = 0;
		};
/* End PBXResourcesBuildPhase section */

/* Begin PBXSourcesBuildPhase section */
		9038D4BA1ABD817400CE4629 /* Sources */ = {
			isa = PBXSourcesBuildPhase;
			buildActionMask = 2147483647;
			files = (
				9038D4E11ABD88CC00CE4629 /* RedisServer.swift in Sources */,
				9038D4E31ABD88E600CE4629 /* RedisServerDelegate.swift in Sources */,
				9038D4C61ABD817400CE4629 /* ViewController.swift in Sources */,
				9038D4C41ABD817400CE4629 /* AppDelegate.swift in Sources */,
			);
			runOnlyForDeploymentPostprocessing = 0;
		};
		9038D4CC1ABD817400CE4629 /* Sources */ = {
			isa = PBXSourcesBuildPhase;
			buildActionMask = 2147483647;
			files = (
				9038D4D71ABD817400CE4629 /* RedisTests.swift in Sources */,
			);
			runOnlyForDeploymentPostprocessing = 0;
		};
/* End PBXSourcesBuildPhase section */

/* Begin PBXTargetDependency section */
		9038D4D21ABD817400CE4629 /* PBXTargetDependency */ = {
			isa = PBXTargetDependency;
			target = 9038D4BD1ABD817400CE4629 /* Redis */;
			targetProxy = 9038D4D11ABD817400CE4629 /* PBXContainerItemProxy */;
		};
/* End PBXTargetDependency section */

/* Begin XCBuildConfiguration section */
		9038D4D81ABD817400CE4629 /* Debug */ = {
			isa = XCBuildConfiguration;
			buildSettings = {
				ALWAYS_SEARCH_USER_PATHS = NO;
				CLANG_CXX_LANGUAGE_STANDARD = "gnu++0x";
				CLANG_CXX_LIBRARY = "libc++";
				CLANG_ENABLE_MODULES = YES;
				CLANG_ENABLE_OBJC_ARC = YES;
				CLANG_WARN_BOOL_CONVERSION = YES;
				CLANG_WARN_CONSTANT_CONVERSION = YES;
				CLANG_WARN_DIRECT_OBJC_ISA_USAGE = YES_ERROR;
				CLANG_WARN_EMPTY_BODY = YES;
				CLANG_WARN_ENUM_CONVERSION = YES;
				CLANG_WARN_INT_CONVERSION = YES;
				CLANG_WARN_OBJC_ROOT_CLASS = YES_ERROR;
				CLANG_WARN_UNREACHABLE_CODE = YES;
				CLANG_WARN__DUPLICATE_METHOD_MATCH = YES;
				CODE_SIGN_IDENTITY = "-";
				COPY_PHASE_STRIP = NO;
				ENABLE_STRICT_OBJC_MSGSEND = YES;
				GCC_C_LANGUAGE_STANDARD = gnu99;
				GCC_DYNAMIC_NO_PIC = NO;
				GCC_OPTIMIZATION_LEVEL = 0;
				GCC_PREPROCESSOR_DEFINITIONS = (
					"DEBUG=1",
					"$(inherited)",
				);
				GCC_SYMBOLS_PRIVATE_EXTERN = NO;
				GCC_WARN_64_TO_32_BIT_CONVERSION = YES;
				GCC_WARN_ABOUT_RETURN_TYPE = YES_ERROR;
				GCC_WARN_UNDECLARED_SELECTOR = YES;
				GCC_WARN_UNINITIALIZED_AUTOS = YES_AGGRESSIVE;
				GCC_WARN_UNUSED_FUNCTION = YES;
				GCC_WARN_UNUSED_VARIABLE = YES;
				MACOSX_DEPLOYMENT_TARGET = 10.10;
				MTL_ENABLE_DEBUG_INFO = YES;
				ONLY_ACTIVE_ARCH = YES;
				SDKROOT = macosx;
				SWIFT_OPTIMIZATION_LEVEL = "-Onone";
			};
			name = Debug;
		};
		9038D4D91ABD817400CE4629 /* Release */ = {
			isa = XCBuildConfiguration;
			buildSettings = {
				ALWAYS_SEARCH_USER_PATHS = NO;
				CLANG_CXX_LANGUAGE_STANDARD = "gnu++0x";
				CLANG_CXX_LIBRARY = "libc++";
				CLANG_ENABLE_MODULES = YES;
				CLANG_ENABLE_OBJC_ARC = YES;
				CLANG_WARN_BOOL_CONVERSION = YES;
				CLANG_WARN_CONSTANT_CONVERSION = YES;
				CLANG_WARN_DIRECT_OBJC_ISA_USAGE = YES_ERROR;
				CLANG_WARN_EMPTY_BODY = YES;
				CLANG_WARN_ENUM_CONVERSION = YES;
				CLANG_WARN_INT_CONVERSION = YES;
				CLANG_WARN_OBJC_ROOT_CLASS = YES_ERROR;
				CLANG_WARN_UNREACHABLE_CODE = YES;
				CLANG_WARN__DUPLICATE_METHOD_MATCH = YES;
				CODE_SIGN_IDENTITY = "-";
				COPY_PHASE_STRIP = NO;
				DEBUG_INFORMATION_FORMAT = "dwarf-with-dsym";
				ENABLE_NS_ASSERTIONS = NO;
				ENABLE_STRICT_OBJC_MSGSEND = YES;
				GCC_C_LANGUAGE_STANDARD = gnu99;
				GCC_WARN_64_TO_32_BIT_CONVERSION = YES;
				GCC_WARN_ABOUT_RETURN_TYPE = YES_ERROR;
				GCC_WARN_UNDECLARED_SELECTOR = YES;
				GCC_WARN_UNINITIALIZED_AUTOS = YES_AGGRESSIVE;
				GCC_WARN_UNUSED_FUNCTION = YES;
				GCC_WARN_UNUSED_VARIABLE = YES;
				MACOSX_DEPLOYMENT_TARGET = 10.10;
				MTL_ENABLE_DEBUG_INFO = NO;
				SDKROOT = macosx;
			};
			name = Release;
		};
		9038D4DB1ABD817400CE4629 /* Debug */ = {
			isa = XCBuildConfiguration;
			buildSettings = {
				ASSETCATALOG_COMPILER_APPICON_NAME = AppIcon;
				COMBINE_HIDPI_IMAGES = YES;
				INFOPLIST_FILE = Redis/Info.plist;
				LD_RUNPATH_SEARCH_PATHS = "$(inherited) @executable_path/../Frameworks";
				PRODUCT_NAME = "$(TARGET_NAME)";
			};
			name = Debug;
		};
		9038D4DC1ABD817400CE4629 /* Release */ = {
			isa = XCBuildConfiguration;
			buildSettings = {
				ASSETCATALOG_COMPILER_APPICON_NAME = AppIcon;
				COMBINE_HIDPI_IMAGES = YES;
				INFOPLIST_FILE = Redis/Info.plist;
				LD_RUNPATH_SEARCH_PATHS = "$(inherited) @executable_path/../Frameworks";
				PRODUCT_NAME = "$(TARGET_NAME)";
			};
			name = Release;
		};
		9038D4DE1ABD817400CE4629 /* Debug */ = {
			isa = XCBuildConfiguration;
			buildSettings = {
				BUNDLE_LOADER = "$(TEST_HOST)";
				COMBINE_HIDPI_IMAGES = YES;
				FRAMEWORK_SEARCH_PATHS = (
					"$(DEVELOPER_FRAMEWORKS_DIR)",
					"$(inherited)",
				);
				GCC_PREPROCESSOR_DEFINITIONS = (
					"DEBUG=1",
					"$(inherited)",
				);
				INFOPLIST_FILE = RedisTests/Info.plist;
				LD_RUNPATH_SEARCH_PATHS = "$(inherited) @executable_path/../Frameworks @loader_path/../Frameworks";
				PRODUCT_NAME = "$(TARGET_NAME)";
				TEST_HOST = "$(BUILT_PRODUCTS_DIR)/Redis.app/Contents/MacOS/Redis";
			};
			name = Debug;
		};
		9038D4DF1ABD817400CE4629 /* Release */ = {
			isa = XCBuildConfiguration;
			buildSettings = {
				BUNDLE_LOADER = "$(TEST_HOST)";
				COMBINE_HIDPI_IMAGES = YES;
				FRAMEWORK_SEARCH_PATHS = (
					"$(DEVELOPER_FRAMEWORKS_DIR)",
					"$(inherited)",
				);
				INFOPLIST_FILE = RedisTests/Info.plist;
				LD_RUNPATH_SEARCH_PATHS = "$(inherited) @executable_path/../Frameworks @loader_path/../Frameworks";
				PRODUCT_NAME = "$(TARGET_NAME)";
				TEST_HOST = "$(BUILT_PRODUCTS_DIR)/Redis.app/Contents/MacOS/Redis";
			};
			name = Release;
		};
/* End XCBuildConfiguration section */

/* Begin XCConfigurationList section */
		9038D4B91ABD817400CE4629 /* Build configuration list for PBXProject "Redis" */ = {
			isa = XCConfigurationList;
			buildConfigurations = (
				9038D4D81ABD817400CE4629 /* Debug */,
				9038D4D91ABD817400CE4629 /* Release */,
			);
			defaultConfigurationIsVisible = 0;
			defaultConfigurationName = Release;
		};
		9038D4DA1ABD817400CE4629 /* Build configuration list for PBXNativeTarget "Redis" */ = {
			isa = XCConfigurationList;
			buildConfigurations = (
				9038D4DB1ABD817400CE4629 /* Debug */,
				9038D4DC1ABD817400CE4629 /* Release */,
			);
			defaultConfigurationIsVisible = 0;
			defaultConfigurationName = Release;
		};
		9038D4DD1ABD817400CE4629 /* Build configuration list for PBXNativeTarget "RedisTests" */ = {
			isa = XCConfigurationList;
			buildConfigurations = (
				9038D4DE1ABD817400CE4629 /* Debug */,
				9038D4DF1ABD817400CE4629 /* Release */,
			);
			defaultConfigurationIsVisible = 0;
			defaultConfigurationName = Release;
		};
/* End XCConfigurationList section */
	};
	rootObject = 9038D4B61ABD817400CE4629 /* Project object */;
}
